
Microsoft Visual Studio Solution File, Format Version 12.00
# Visual Studio Version 17
VisualStudioVersion = 17.4.33122.133
MinimumVisualStudioVersion = 10.0.40219.1
Project("{9A19103F-16F7-4668-BE54-9A1E7A4F7556}") = "fib", "ProjectCli\fib.csproj", "{AE764A9C-FBCF-478E-89F4-C62CBD951833}"
EndProject
Global
	GlobalSection(SolutionConfigurationPlatforms) = preSolution
		Debug|Any CPU = Debug|Any CPU
		Release|Any CPU = Release|Any CPU
	EndGlobalSection
	GlobalSection(ProjectConfigurationPlatforms) = postSolution
		{AE764A9C-FBCF-478E-89F4-C62CBD951833}.Debug|Any CPU.ActiveCfg = Debug|Any CPU
		{AE764A9C-FBCF-478E-89F4-C62CBD951833}.Debug|Any CPU.Build.0 = Debug|Any CPU
		{AE764A9C-FBCF-478E-89F4-C62CBD951833}.Release|Any CPU.ActiveCfg = Release|Any CPU
		{AE764A9C-FBCF-478E-89F4-C62CBD951833}.Release|Any CPU.Build.0 = Release|Any CPU
	EndGlobalSection
	GlobalSection(SolutionProperties) = preSolution
		HideSolutionNode = FALSE
	EndGlobalSection
	GlobalSection(ExtensibilityGlobals) = postSolution
		SolutionGuid = {15B0392F-F484-48C9-A56C-7944D5DC65FB}
	EndGlobalSection
EndGlobal
